
Microsoft Visual Studio Solution File, Format Version 12.00
# Visual Studio 15
VisualStudioVersion = 15.0.27703.2035
MinimumVisualStudioVersion = 10.0.40219.1
Project("{FAE04EC0-301F-11D3-BF4B-00C04F79EFBC}") = "2", "2\2.csproj", "{270FD7D4-53B0-4FA8-A338-2C8B077E2D18}"
EndProject
Global
	GlobalSection(SolutionConfigurationPlatforms) = preSolution
		Debug|Any CPU = Debug|Any CPU
		Release|Any CPU = Release|Any CPU
	EndGlobalSection
	GlobalSection(ProjectConfigurationPlatforms) = postSolution
		{270FD7D4-53B0-4FA8-A338-2C8B077E2D18}.Debug|Any CPU.ActiveCfg = Debug|Any CPU
		{270FD7D4-53B0-4FA8-A338-2C8B077E2D18}.Debug|Any CPU.Build.0 = Debug|Any CPU
		{270FD7D4-53B0-4FA8-A338-2C8B077E2D18}.Release|Any CPU.ActiveCfg = Release|Any CPU
		{270FD7D4-53B0-4FA8-A338-2C8B077E2D18}.Release|Any CPU.Build.0 = Release|Any CPU
	EndGlobalSection
	GlobalSection(SolutionProperties) = preSolution
		HideSolutionNode = FALSE
	EndGlobalSection
	GlobalSection(ExtensibilityGlobals) = postSolution
		SolutionGuid = {36EB0517-0B53-4430-B4D9-8FEF571787D4}
	EndGlobalSection
EndGlobal
