
Microsoft Visual Studio Solution File, Format Version 12.00
# Visual Studio Version 16
VisualStudioVersion = 16.0.31025.194
MinimumVisualStudioVersion = 10.0.40219.1
Project("{FAE04EC0-301F-11D3-BF4B-00C04F79EFBC}") = "5", "5\5.csproj", "{01CE9C4F-3230-409C-A646-858024EBE959}"
EndProject
Global
	GlobalSection(SolutionConfigurationPlatforms) = preSolution
		Debug|Any CPU = Debug|Any CPU
		Release|Any CPU = Release|Any CPU
	EndGlobalSection
	GlobalSection(ProjectConfigurationPlatforms) = postSolution
		{01CE9C4F-3230-409C-A646-858024EBE959}.Debug|Any CPU.ActiveCfg = Debug|Any CPU
		{01CE9C4F-3230-409C-A646-858024EBE959}.Debug|Any CPU.Build.0 = Debug|Any CPU
		{01CE9C4F-3230-409C-A646-858024EBE959}.Release|Any CPU.ActiveCfg = Release|Any CPU
		{01CE9C4F-3230-409C-A646-858024EBE959}.Release|Any CPU.Build.0 = Release|Any CPU
	EndGlobalSection
	GlobalSection(SolutionProperties) = preSolution
		HideSolutionNode = FALSE
	EndGlobalSection
	GlobalSection(ExtensibilityGlobals) = postSolution
		SolutionGuid = {8126DFB5-D05B-42F4-A027-5D3C4EC1727E}
	EndGlobalSection
EndGlobal
