
Microsoft Visual Studio Solution File, Format Version 12.00
# Visual Studio Version 16
VisualStudioVersion = 16.0.31025.194
MinimumVisualStudioVersion = 10.0.40219.1
Project("{FAE04EC0-301F-11D3-BF4B-00C04F79EFBC}") = "2", "2\2.csproj", "{35517A30-4E93-403B-8D56-6ED7B547A1B0}"
EndProject
Global
	GlobalSection(SolutionConfigurationPlatforms) = preSolution
		Debug|Any CPU = Debug|Any CPU
		Release|Any CPU = Release|Any CPU
	EndGlobalSection
	GlobalSection(ProjectConfigurationPlatforms) = postSolution
		{35517A30-4E93-403B-8D56-6ED7B547A1B0}.Debug|Any CPU.ActiveCfg = Debug|Any CPU
		{35517A30-4E93-403B-8D56-6ED7B547A1B0}.Debug|Any CPU.Build.0 = Debug|Any CPU
		{35517A30-4E93-403B-8D56-6ED7B547A1B0}.Release|Any CPU.ActiveCfg = Release|Any CPU
		{35517A30-4E93-403B-8D56-6ED7B547A1B0}.Release|Any CPU.Build.0 = Release|Any CPU
	EndGlobalSection
	GlobalSection(SolutionProperties) = preSolution
		HideSolutionNode = FALSE
	EndGlobalSection
	GlobalSection(ExtensibilityGlobals) = postSolution
		SolutionGuid = {ECE9400B-374F-4F34-B854-11C5AFB63695}
	EndGlobalSection
EndGlobal
